
Microsoft Visual Studio Solution File, Format Version 12.00
# Visual Studio Version 17
VisualStudioVersion = 17.2.32519.379
MinimumVisualStudioVersion = 10.0.40219.1
Project("{9A19103F-16F7-4668-BE54-9A1E7A4F7556}") = "Skmr.FFmpeg", "Skmr.FFmpeg\Skmr.FFmpeg.csproj", "{71F382DB-0FB0-462B-8BA6-3832EF98E632}"
EndProject
Global
	GlobalSection(SolutionConfigurationPlatforms) = preSolution
		Debug|Any CPU = Debug|Any CPU
		Release|Any CPU = Release|Any CPU
	EndGlobalSection
	GlobalSection(ProjectConfigurationPlatforms) = postSolution
		{71F382DB-0FB0-462B-8BA6-3832EF98E632}.Debug|Any CPU.ActiveCfg = Debug|Any CPU
		{71F382DB-0FB0-462B-8BA6-3832EF98E632}.Debug|Any CPU.Build.0 = Debug|Any CPU
		{71F382DB-0FB0-462B-8BA6-3832EF98E632}.Release|Any CPU.ActiveCfg = Release|Any CPU
		{71F382DB-0FB0-462B-8BA6-3832EF98E632}.Release|Any CPU.Build.0 = Release|Any CPU
	EndGlobalSection
	GlobalSection(SolutionProperties) = preSolution
		HideSolutionNode = FALSE
	EndGlobalSection
	GlobalSection(ExtensibilityGlobals) = postSolution
		SolutionGuid = {EB854115-0A72-4385-9D19-0221A4DEA552}
	EndGlobalSection
EndGlobal
